{"name":"gha-uses-commit","key":"https://github.com/actions/checkout.git:v7.0.0","version":"9c091bb21b7c1c1d1991bb908d89e4e9dddfe3e0"}
{"name":"gha-uses-commit","key":"https://github.com/actions/setup-go.git:v7.0.0","version":"b7ad1dad31e06c5925ef5d2fc7ad053ef454303e"}
{"name":"gha-uses-semver","key":"https://github.com/actions/checkout.git","version":"v7.0.0"}
{"name":"gha-uses-semver","key":"https://github.com/actions/setup-go.git","version":"v7.0.0"}
{"name":"makefile-gofumpt","key":"https://github.com/mvdan/gofumpt.git","version":"v0.10.0"}
{"name":"makefile-markdown-lint","key":"docker.io/davidanson/markdownlint-cli2","version":"v0.23.1"}
{"name":"makefile-staticcheck","key":"https://github.com/dominikh/go-tools.git","version":"v0.7.0"}
