{"name":"gha-uses-commit","key":"https://github.com/actions/checkout.git:v6.0.2","version":"de0fac2e4500dabe0009e67214ff5f5447ce83dd"}
{"name":"gha-uses-commit","key":"https://github.com/actions/setup-go.git:v6.2.0","version":"7a3fe6cf4cb3a834922a1244abfce67bcef6a0c5"}
{"name":"gha-uses-semver","key":"https://github.com/actions/checkout.git","version":"v6.0.2"}
{"name":"gha-uses-semver","key":"https://github.com/actions/setup-go.git","version":"v6.2.0"}
{"name":"makefile-markdown-lint","key":"docker.io/davidanson/markdownlint-cli2","version":"v0.20.0"}
{"name":"makefile-staticcheck","key":"https://github.com/dominikh/go-tools.git","version":"v0.6.1"}
